// !$*UTF8*$!
{
	archiveVersion = 1;
	classes = {
	};
	objectVersion = 46;
	objects = {

/* Begin PBXBuildFile section */
		3DFB11B81C449B730007B694 /* main.m in Sources */ = {isa = PBXBuildFile; fileRef = 3DFB11B71C449B730007B694 /* main.m */; };
		3DFB11BB1C449B730007B694 /* AppDelegate.m in Sources */ = {isa = PBXBuildFile; fileRef = 3DFB11BA1C449B730007B694 /* AppDelegate.m */; };
		3DFB11BE1C449B730007B694 /* ViewController.m in Sources */ = {isa = PBXBuildFile; fileRef = 3DFB11BD1C449B730007B694 /* ViewController.m */; };
		3DFB11C11C449B730007B694 /* Main.storyboard in Resources */ = {isa = PBXBuildFile; fileRef = 3DFB11BF1C449B730007B694 /* Main.storyboard */; };
		3DFB11C31C449B730007B694 /* Assets.xcassets in Resources */ = {isa = PBXBuildFile; fileRef = 3DFB11C21C449B730007B694 /* Assets.xcassets */; };
		3DFB11C61C449B730007B694 /* LaunchScreen.storyboard in Resources */ = {isa = PBXBuildFile; fileRef = 3DFB11C41C449B730007B694 /* LaunchScreen.storyboard */; };
/* End PBXBuildFile section */

/* Begin PBXFileReference section */
		3DFB11B31C449B730007B694 /* lawyerApp.app */ = {isa = PBXFileReference; explicitFileType = wrapper.application; includeInIndex = 0; path = lawyerApp.app; sourceTree = BUILT_PRODUCTS_DIR; };
		3DFB11B71C449B730007B694 /* main.m */ = {isa = PBXFileReference; lastKnownFileType = sourcecode.c.objc; path = main.m; sourceTree = "<group>"; };
		3DFB11B91C449B730007B694 /* AppDelegate.h */ = {isa = PBXFileReference; lastKnownFileType = sourcecode.c.h; path = AppDelegate.h; sourceTree = "<group>"; };
		3DFB11BA1C449B730007B694 /* AppDelegate.m */ = {isa = PBXFileReference; lastKnownFileType = sourcecode.c.objc; path = AppDelegate.m; sourceTree = "<group>"; };
		3DFB11BC1C449B730007B694 /* ViewController.h */ = {isa = PBXFileReference; lastKnownFileType = sourcecode.c.h; path = ViewController.h; sourceTree = "<group>"; };
		3DFB11BD1C449B730007B694 /* ViewController.m */ = {isa = PBXFileReference; lastKnownFileType = sourcecode.c.objc; path = ViewController.m; sourceTree = "<group>"; };
		3DFB11C01C449B730007B694 /* Base */ = {isa = PBXFileReference; lastKnownFileType = file.storyboard; name = Base; path = Base.lproj/Main.storyboard; sourceTree = "<group>"; };
		3DFB11C21C449B730007B694 /* Assets.xcassets */ = {isa = PBXFileReference; lastKnownFileType = folder.assetcatalog; path = Assets.xcassets; sourceTree = "<group>"; };
		3DFB11C51C449B730007B694 /* Base */ = {isa = PBXFileReference; lastKnownFileType = file.storyboard; name = Base; path = Base.lproj/LaunchScreen.storyboard; sourceTree = "<group>"; };
		3DFB11C71C449B730007B694 /* Info.plist */ = {isa = PBXFileReference; lastKnownFileType = text.plist.xml; path = Info.plist; sourceTree = "<group>"; };
/* End PBXFileReference section */

/* Begin PBXFrameworksBuildPhase section */
		3DFB11B01C449B730007B694 /* Frameworks */ = {
			isa = PBXFrameworksBuildPhase;
			buildActionMask = 2147483647;
			files = (
			);
			runOnlyForDeploymentPostprocessing = 0;
		};
/* End PBXFrameworksBuildPhase section */

/* Begin PBXGroup section */
		3DFB11AA1C449B730007B694 = {
			isa = PBXGroup;
			children = (
				3DFB11B51C449B730007B694 /* lawyerApp */,
				3DFB11B41C449B730007B694 /* Products */,
			);
			sourceTree = "<group>";
		};
		3DFB11B41C449B730007B694 /* Products */ = {
			isa = PBXGroup;
			children = (
				3DFB11B31C449B730007B694 /* lawyerApp.app */,
			);
			name = Products;
			sourceTree = "<group>";
		};
		3DFB11B51C449B730007B694 /* lawyerApp */ = {
			isa = PBXGroup;
			children = (
				3DFB11B91C449B730007B694 /* AppDelegate.h */,
				3DFB11BA1C449B730007B694 /* AppDelegate.m */,
				3DFB11BC1C449B730007B694 /* ViewController.h */,
				3DFB11BD1C449B730007B694 /* ViewController.m */,
				3DFB11BF1C449B730007B694 /* Main.storyboard */,
				3DFB11C21C449B730007B694 /* Assets.xcassets */,
				3DFB11C41C449B730007B694 /* LaunchScreen.storyboard */,
				3DFB11C71C449B730007B694 /* Info.plist */,
				3DFB11B61C449B730007B694 /* Supporting Files */,
			);
			path = lawyerApp;
			sourceTree = "<group>";
		};
		3DFB11B61C449B730007B694 /* Supporting Files */ = {
			isa = PBXGroup;
			children = (
				3DFB11B71C449B730007B694 /* main.m */,
			);
			name = "Supporting Files";
			sourceTree = "<group>";
		};
/* End PBXGroup section */

/* Begin PBXNativeTarget section */
		3DFB11B21C449B730007B694 /* lawyerApp */ = {
			isa = PBXNativeTarget;
			buildConfigurationList = 3DFB11CA1C449B730007B694 /* Build configuration list for PBXNativeTarget "lawyerApp" */;
			buildPhases = (
				3DFB11AF1C449B730007B694 /* Sources */,
				3DFB11B01C449B730007B694 /* Frameworks */,
				3DFB11B11C449B730007B694 /* Resources */,
			);
			buildRules = (
			);
			dependencies = (
			);
			name = lawyerApp;
			productName = lawyerApp;
			productReference = 3DFB11B31C449B730007B694 /* lawyerApp.app */;
			productType = "com.apple.product-type.application";
		};
/* End PBXNativeTarget section */

/* Begin PBXProject section */
		3DFB11AB1C449B730007B694 /* Project object */ = {
			isa = PBXProject;
			attributes = {
				LastUpgradeCheck = 0720;
				ORGANIZATIONNAME = "mdhj－2";
				TargetAttributes = {
					3DFB11B21C449B730007B694 = {
						CreatedOnToolsVersion = 7.2;
					};
				};
			};
			buildConfigurationList = 3DFB11AE1C449B730007B694 /* Build configuration list for PBXProject "lawyerApp" */;
			compatibilityVersion = "Xcode 3.2";
			developmentRegion = English;
			hasScannedForEncodings = 0;
			knownRegions = (
				en,
				Base,
			);
			mainGroup = 3DFB11AA1C449B730007B694;
			productRefGroup = 3DFB11B41C449B730007B694 /* Products */;
			projectDirPath = "";
			projectRoot = "";
			targets = (
				3DFB11B21C449B730007B694 /* lawyerApp */,
			);
		};
/* End PBXProject section */

/* Begin PBXResourcesBuildPhase section */
		3DFB11B11C449B730007B694 /* Resources */ = {
			isa = PBXResourcesBuildPhase;
			buildActionMask = 2147483647;
			files = (
				3DFB11C61C449B730007B694 /* LaunchScreen.storyboard in Resources */,
				3DFB11C31C449B730007B694 /* Assets.xcassets in Resources */,
				3DFB11C11C449B730007B694 /* Main.storyboard in Resources */,
			);
			runOnlyForDeploymentPostprocessing = 0;
		};
/* End PBXResourcesBuildPhase section */

/* Begin PBXSourcesBuildPhase section */
		3DFB11AF1C449B730007B694 /* Sources */ = {
			isa = PBXSourcesBuildPhase;
			buildActionMask = 2147483647;
			files = (
				3DFB11BE1C449B730007B694 /* ViewController.m in Sources */,
				3DFB11BB1C449B730007B694 /* AppDelegate.m in Sources */,
				3DFB11B81C449B730007B694 /* main.m in Sources */,
			);
			runOnlyForDeploymentPostprocessing = 0;
		};
/* End PBXSourcesBuildPhase section */

/* Begin PBXVariantGroup section */
		3DFB11BF1C449B730007B694 /* Main.storyboard */ = {
			isa = PBXVariantGroup;
			children = (
				3DFB11C01C449B730007B694 /* Base */,
			);
			name = Main.storyboard;
			sourceTree = "<group>";
		};
		3DFB11C41C449B730007B694 /* LaunchScreen.storyboard */ = {
			isa = PBXVariantGroup;
			children = (
				3DFB11C51C449B730007B694 /* Base */,
			);
			name = LaunchScreen.storyboard;
			sourceTree = "<group>";
		};
/* End PBXVariantGroup section */

/* Begin XCBuildConfiguration section */
		3DFB11C81C449B730007B694 /* Debug */ = {
			isa = XCBuildConfiguration;
			buildSettings = {
				ALWAYS_SEARCH_USER_PATHS = NO;
				CLANG_CXX_LANGUAGE_STANDARD = "gnu++0x";
				CLANG_CXX_LIBRARY = "libc++";
				CLANG_ENABLE_MODULES = YES;
				CLANG_ENABLE_OBJC_ARC = YES;
				CLANG_WARN_BOOL_CONVERSION = YES;
				CLANG_WARN_CONSTANT_CONVERSION = YES;
				CLANG_WARN_DIRECT_OBJC_ISA_USAGE = YES_ERROR;
				CLANG_WARN_EMPTY_BODY = YES;
				CLANG_WARN_ENUM_CONVERSION = YES;
				CLANG_WARN_INT_CONVERSION = YES;
				CLANG_WARN_OBJC_ROOT_CLASS = YES_ERROR;
				CLANG_WARN_UNREACHABLE_CODE = YES;
				CLANG_WARN__DUPLICATE_METHOD_MATCH = YES;
				"CODE_SIGN_IDENTITY[sdk=iphoneos*]" = "iPhone Developer";
				COPY_PHASE_STRIP = NO;
				DEBUG_INFORMATION_FORMAT = dwarf;
				ENABLE_STRICT_OBJC_MSGSEND = YES;
				ENABLE_TESTABILITY = YES;
				GCC_C_LANGUAGE_STANDARD = gnu99;
				GCC_DYNAMIC_NO_PIC = NO;
				GCC_NO_COMMON_BLOCKS = YES;
				GCC_OPTIMIZATION_LEVEL = 0;
				GCC_PREPROCESSOR_DEFINITIONS = (
					"DEBUG=1",
					"$(inherited)",
				);
				GCC_WARN_64_TO_32_BIT_CONVERSION = YES;
				GCC_WARN_ABOUT_RETURN_TYPE = YES_ERROR;
				GCC_WARN_UNDECLARED_SELECTOR = YES;
				GCC_WARN_UNINITIALIZED_AUTOS = YES_AGGRESSIVE;
				GCC_WARN_UNUSED_FUNCTION = YES;
				GCC_WARN_UNUSED_VARIABLE = YES;
				IPHONEOS_DEPLOYMENT_TARGET = 9.2;
				MTL_ENABLE_DEBUG_INFO = YES;
				ONLY_ACTIVE_ARCH = YES;
				SDKROOT = iphoneos;
			};
			name = Debug;
		};
		3DFB11C91C449B730007B694 /* Release */ = {
			isa = XCBuildConfiguration;
			buildSettings = {
				ALWAYS_SEARCH_USER_PATHS = NO;
				CLANG_CXX_LANGUAGE_STANDARD = "gnu++0x";
				CLANG_CXX_LIBRARY = "libc++";
				CLANG_ENABLE_MODULES = YES;
				CLANG_ENABLE_OBJC_ARC = YES;
				CLANG_WARN_BOOL_CONVERSION = YES;
				CLANG_WARN_CONSTANT_CONVERSION = YES;
				CLANG_WARN_DIRECT_OBJC_ISA_USAGE = YES_ERROR;
				CLANG_WARN_EMPTY_BODY = YES;
				CLANG_WARN_ENUM_CONVERSION = YES;
				CLANG_WARN_INT_CONVERSION = YES;
				CLANG_WARN_OBJC_ROOT_CLASS = YES_ERROR;
				CLANG_WARN_UNREACHABLE_CODE = YES;
				CLANG_WARN__DUPLICATE_METHOD_MATCH = YES;
				"CODE_SIGN_IDENTITY[sdk=iphoneos*]" = "iPhone Developer";
				COPY_PHASE_STRIP = NO;
				DEBUG_INFORMATION_FORMAT = "dwarf-with-dsym";
				ENABLE_NS_ASSERTIONS = NO;
				ENABLE_STRICT_OBJC_MSGSEND = YES;
				GCC_C_LANGUAGE_STANDARD = gnu99;
				GCC_NO_COMMON_BLOCKS = YES;
				GCC_WARN_64_TO_32_BIT_CONVERSION = YES;
				GCC_WARN_ABOUT_RETURN_TYPE = YES_ERROR;
				GCC_WARN_UNDECLARED_SELECTOR = YES;
				GCC_WARN_UNINITIALIZED_AUTOS = YES_AGGRESSIVE;
				GCC_WARN_UNUSED_FUNCTION = YES;
				GCC_WARN_UNUSED_VARIABLE = YES;
				IPHONEOS_DEPLOYMENT_TARGET = 9.2;
				MTL_ENABLE_DEBUG_INFO = NO;
				SDKROOT = iphoneos;
				VALIDATE_PRODUCT = YES;
			};
			name = Release;
		};
		3DFB11CB1C449B730007B694 /* Debug */ = {
			isa = XCBuildConfiguration;
			buildSettings = {
				ASSETCATALOG_COMPILER_APPICON_NAME = AppIcon;
				INFOPLIST_FILE = lawyerApp/Info.plist;
				LD_RUNPATH_SEARCH_PATHS = "$(inherited) @executable_path/Frameworks";
				PRODUCT_BUNDLE_IDENTIFIER = com.alongdata.lawyerApp;
				PRODUCT_NAME = "$(TARGET_NAME)";
			};
			name = Debug;
		};
		3DFB11CC1C449B730007B694 /* Release */ = {
			isa = XCBuildConfiguration;
			buildSettings = {
				ASSETCATALOG_COMPILER_APPICON_NAME = AppIcon;
				INFOPLIST_FILE = lawyerApp/Info.plist;
				LD_RUNPATH_SEARCH_PATHS = "$(inherited) @executable_path/Frameworks";
				PRODUCT_BUNDLE_IDENTIFIER = com.alongdata.lawyerApp;
				PRODUCT_NAME = "$(TARGET_NAME)";
			};
			name = Release;
		};
/* End XCBuildConfiguration section */

/* Begin XCConfigurationList section */
		3DFB11AE1C449B730007B694 /* Build configuration list for PBXProject "lawyerApp" */ = {
			isa = XCConfigurationList;
			buildConfigurations = (
				3DFB11C81C449B730007B694 /* Debug */,
				3DFB11C91C449B730007B694 /* Release */,
			);
			defaultConfigurationIsVisible = 0;
			defaultConfigurationName = Release;
		};
		3DFB11CA1C449B730007B694 /* Build configuration list for PBXNativeTarget "lawyerApp" */ = {
			isa = XCConfigurationList;
			buildConfigurations = (
				3DFB11CB1C449B730007B694 /* Debug */,
				3DFB11CC1C449B730007B694 /* Release */,
			);
			defaultConfigurationIsVisible = 0;
		};
/* End XCConfigurationList section */
	};
	rootObject = 3DFB11AB1C449B730007B694 /* Project object */;
}
